
Microsoft Visual Studio Solution File, Format Version 12.00
# Visual Studio Version 16
VisualStudioVersion = 16.0.29709.97
MinimumVisualStudioVersion = 10.0.40219.1
Project("{8BC9CEB8-8B4A-11D0-8D11-00A0C91BC942}") = "test-server", "src\test\test-server\test.vcxproj", "{68F94317-31A7-472B-9CC1-7C20B64694BE}"
EndProject
Project("{2150E333-8FDC-42A3-9474-1A3956D46DE8}") = "Solution Items", "Solution Items", "{F1C166A5-26FF-44ED-B1E0-9AF321564985}"
	ProjectSection(SolutionItems) = preProject
		README.md = README.md
	EndProjectSection
EndProject
Project("{8BC9CEB8-8B4A-11D0-8D11-00A0C91BC942}") = "ApiCppStatic", "src\main\ApiCppStatic\ApiCppStatic.vcxproj", "{0476660B-7D92-4A4B-AA57-35E69D6A5AC0}"
EndProject
Project("{2150E333-8FDC-42A3-9474-1A3956D46DE8}") = "Tests", "Tests", "{F5C68D19-D875-4C18-AD75-952EE3822026}"
EndProject
Project("{8BC9CEB8-8B4A-11D0-8D11-00A0C91BC942}") = "test-client", "src\test\test-client\test-client.vcxproj", "{E9283EF0-009A-4850-B641-0ADB192BB2FD}"
EndProject
Project("{2150E333-8FDC-42A3-9474-1A3956D46DE8}") = "Main", "Main", "{DE77CF55-4F0B-4AE9-A914-BA81EF07B357}"
EndProject
Global
	GlobalSection(SolutionConfigurationPlatforms) = preSolution
		Debug|x64 = Debug|x64
		Debug|x86 = Debug|x86
		Release|x64 = Release|x64
		Release|x86 = Release|x86
	EndGlobalSection
	GlobalSection(ProjectConfigurationPlatforms) = postSolution
		{68F94317-31A7-472B-9CC1-7C20B64694BE}.Debug|x64.ActiveCfg = Debug|x64
		{68F94317-31A7-472B-9CC1-7C20B64694BE}.Debug|x64.Build.0 = Debug|x64
		{68F94317-31A7-472B-9CC1-7C20B64694BE}.Debug|x86.ActiveCfg = Debug|Win32
		{68F94317-31A7-472B-9CC1-7C20B64694BE}.Debug|x86.Build.0 = Debug|Win32
		{68F94317-31A7-472B-9CC1-7C20B64694BE}.Release|x64.ActiveCfg = Release|x64
		{68F94317-31A7-472B-9CC1-7C20B64694BE}.Release|x64.Build.0 = Release|x64
		{68F94317-31A7-472B-9CC1-7C20B64694BE}.Release|x86.ActiveCfg = Release|Win32
		{68F94317-31A7-472B-9CC1-7C20B64694BE}.Release|x86.Build.0 = Release|Win32
		{0476660B-7D92-4A4B-AA57-35E69D6A5AC0}.Debug|x64.ActiveCfg = Debug|x64
		{0476660B-7D92-4A4B-AA57-35E69D6A5AC0}.Debug|x64.Build.0 = Debug|x64
		{0476660B-7D92-4A4B-AA57-35E69D6A5AC0}.Debug|x86.ActiveCfg = Debug|Win32
		{0476660B-7D92-4A4B-AA57-35E69D6A5AC0}.Debug|x86.Build.0 = Debug|Win32
		{0476660B-7D92-4A4B-AA57-35E69D6A5AC0}.Release|x64.ActiveCfg = Release|x64
		{0476660B-7D92-4A4B-AA57-35E69D6A5AC0}.Release|x64.Build.0 = Release|x64
		{0476660B-7D92-4A4B-AA57-35E69D6A5AC0}.Release|x86.ActiveCfg = Release|Win32
		{0476660B-7D92-4A4B-AA57-35E69D6A5AC0}.Release|x86.Build.0 = Release|Win32
		{E9283EF0-009A-4850-B641-0ADB192BB2FD}.Debug|x64.ActiveCfg = Debug|x64
		{E9283EF0-009A-4850-B641-0ADB192BB2FD}.Debug|x64.Build.0 = Debug|x64
		{E9283EF0-009A-4850-B641-0ADB192BB2FD}.Debug|x86.ActiveCfg = Debug|Win32
		{E9283EF0-009A-4850-B641-0ADB192BB2FD}.Debug|x86.Build.0 = Debug|Win32
		{E9283EF0-009A-4850-B641-0ADB192BB2FD}.Release|x64.ActiveCfg = Release|x64
		{E9283EF0-009A-4850-B641-0ADB192BB2FD}.Release|x64.Build.0 = Release|x64
		{E9283EF0-009A-4850-B641-0ADB192BB2FD}.Release|x86.ActiveCfg = Release|Win32
		{E9283EF0-009A-4850-B641-0ADB192BB2FD}.Release|x86.Build.0 = Release|Win32
	EndGlobalSection
	GlobalSection(SolutionProperties) = preSolution
		HideSolutionNode = FALSE
	EndGlobalSection
	GlobalSection(NestedProjects) = preSolution
		{68F94317-31A7-472B-9CC1-7C20B64694BE} = {F5C68D19-D875-4C18-AD75-952EE3822026}
		{0476660B-7D92-4A4B-AA57-35E69D6A5AC0} = {DE77CF55-4F0B-4AE9-A914-BA81EF07B357}
		{E9283EF0-009A-4850-B641-0ADB192BB2FD} = {F5C68D19-D875-4C18-AD75-952EE3822026}
	EndGlobalSection
	GlobalSection(ExtensibilityGlobals) = postSolution
		SolutionGuid = {E6356DF0-AB0E-45F2-884B-16F142730587}
	EndGlobalSection
EndGlobal
